
Microsoft Visual Studio Solution File, Format Version 12.00
# Visual Studio Version 17
VisualStudioVersion = 17.0.32112.339
MinimumVisualStudioVersion = 10.0.40219.1
Project("{9A19103F-16F7-4668-BE54-9A1E7A4F7556}") = "DotPulsar", "src\DotPulsar\DotPulsar.csproj", "{8D300FC3-2E35-4D23-B0DD-FEE9E153330A}"
EndProject
Project("{9A19103F-16F7-4668-BE54-9A1E7A4F7556}") = "DotPulsar.Tests", "tests\DotPulsar.Tests\DotPulsar.Tests.csproj", "{B3FCD2D5-8009-4281-ACDB-6A7BC99606B4}"
EndProject
Project("{2150E333-8FDC-42A3-9474-1A3956D46DE8}") = "Tests", "Tests", "{E1C932A9-6D4C-4DDF-8922-BE7B71F12F1C}"
EndProject
Project("{2150E333-8FDC-42A3-9474-1A3956D46DE8}") = "Samples", "Samples", "{E7106D0F-B255-4631-9FB8-734FC5748FA9}"
EndProject
Project("{9A19103F-16F7-4668-BE54-9A1E7A4F7556}") = "Consuming", "samples\Consuming\Consuming.csproj", "{2A810EB9-45CE-4593-8E4C-026E0CBB3C42}"
EndProject
Project("{9A19103F-16F7-4668-BE54-9A1E7A4F7556}") = "Producing", "samples\Producing\Producing.csproj", "{14934BED-A222-47B2-A58A-CFC4AAB89B49}"
EndProject
Project("{9A19103F-16F7-4668-BE54-9A1E7A4F7556}") = "Reading", "samples\Reading\Reading.csproj", "{6D44683B-865C-4D15-9F0A-1A8441354589}"
EndProject
Project("{2150E333-8FDC-42A3-9474-1A3956D46DE8}") = "Solution Items", "Solution Items", "{D9434D2C-2855-4A61-87B5-22C9E1BE18E6}"
	ProjectSection(SolutionItems) = preProject
		.editorconfig = .editorconfig
		CHANGELOG.md = CHANGELOG.md
		README.md = README.md
	EndProjectSection
EndProject
Project("{9A19103F-16F7-4668-BE54-9A1E7A4F7556}") = "Processing", "samples\Processing\Processing.csproj", "{CC1494FA-4EB5-4DB9-8BE9-0A6E8D0D963E}"
EndProject
Project("{FAE04EC0-301F-11D3-BF4B-00C04F79EFBC}") = "DotPulsar.Consumer", "tests\DotPulsar.Consumer\DotPulsar.Consumer.csproj", "{36E6E6EF-A471-4AE4-B696-1C9DAAFA2770}"
EndProject
Global
	GlobalSection(SolutionConfigurationPlatforms) = preSolution
		Debug|Any CPU = Debug|Any CPU
		Release|Any CPU = Release|Any CPU
	EndGlobalSection
	GlobalSection(ProjectConfigurationPlatforms) = postSolution
		{8D300FC3-2E35-4D23-B0DD-FEE9E153330A}.Debug|Any CPU.ActiveCfg = Debug|Any CPU
		{8D300FC3-2E35-4D23-B0DD-FEE9E153330A}.Debug|Any CPU.Build.0 = Debug|Any CPU
		{8D300FC3-2E35-4D23-B0DD-FEE9E153330A}.Release|Any CPU.ActiveCfg = Release|Any CPU
		{8D300FC3-2E35-4D23-B0DD-FEE9E153330A}.Release|Any CPU.Build.0 = Release|Any CPU
		{B3FCD2D5-8009-4281-ACDB-6A7BC99606B4}.Debug|Any CPU.ActiveCfg = Debug|Any CPU
		{B3FCD2D5-8009-4281-ACDB-6A7BC99606B4}.Debug|Any CPU.Build.0 = Debug|Any CPU
		{B3FCD2D5-8009-4281-ACDB-6A7BC99606B4}.Release|Any CPU.ActiveCfg = Release|Any CPU
		{B3FCD2D5-8009-4281-ACDB-6A7BC99606B4}.Release|Any CPU.Build.0 = Release|Any CPU
		{2A810EB9-45CE-4593-8E4C-026E0CBB3C42}.Debug|Any CPU.ActiveCfg = Debug|Any CPU
		{2A810EB9-45CE-4593-8E4C-026E0CBB3C42}.Debug|Any CPU.Build.0 = Debug|Any CPU
		{2A810EB9-45CE-4593-8E4C-026E0CBB3C42}.Release|Any CPU.ActiveCfg = Release|Any CPU
		{2A810EB9-45CE-4593-8E4C-026E0CBB3C42}.Release|Any CPU.Build.0 = Release|Any CPU
		{14934BED-A222-47B2-A58A-CFC4AAB89B49}.Debug|Any CPU.ActiveCfg = Debug|Any CPU
		{14934BED-A222-47B2-A58A-CFC4AAB89B49}.Debug|Any CPU.Build.0 = Debug|Any CPU
		{14934BED-A222-47B2-A58A-CFC4AAB89B49}.Release|Any CPU.ActiveCfg = Release|Any CPU
		{14934BED-A222-47B2-A58A-CFC4AAB89B49}.Release|Any CPU.Build.0 = Release|Any CPU
		{6D44683B-865C-4D15-9F0A-1A8441354589}.Debug|Any CPU.ActiveCfg = Debug|Any CPU
		{6D44683B-865C-4D15-9F0A-1A8441354589}.Debug|Any CPU.Build.0 = Debug|Any CPU
		{6D44683B-865C-4D15-9F0A-1A8441354589}.Release|Any CPU.ActiveCfg = Release|Any CPU
		{6D44683B-865C-4D15-9F0A-1A8441354589}.Release|Any CPU.Build.0 = Release|Any CPU
		{CC1494FA-4EB5-4DB9-8BE9-0A6E8D0D963E}.Debug|Any CPU.ActiveCfg = Debug|Any CPU
		{CC1494FA-4EB5-4DB9-8BE9-0A6E8D0D963E}.Debug|Any CPU.Build.0 = Debug|Any CPU
		{CC1494FA-4EB5-4DB9-8BE9-0A6E8D0D963E}.Release|Any CPU.ActiveCfg = Release|Any CPU
		{CC1494FA-4EB5-4DB9-8BE9-0A6E8D0D963E}.Release|Any CPU.Build.0 = Release|Any CPU
		{36E6E6EF-A471-4AE4-B696-1C9DAAFA2770}.Debug|Any CPU.ActiveCfg = Debug|Any CPU
		{36E6E6EF-A471-4AE4-B696-1C9DAAFA2770}.Debug|Any CPU.Build.0 = Debug|Any CPU
		{36E6E6EF-A471-4AE4-B696-1C9DAAFA2770}.Release|Any CPU.ActiveCfg = Release|Any CPU
		{36E6E6EF-A471-4AE4-B696-1C9DAAFA2770}.Release|Any CPU.Build.0 = Release|Any CPU
	EndGlobalSection
	GlobalSection(SolutionProperties) = preSolution
		HideSolutionNode = FALSE
	EndGlobalSection
	GlobalSection(NestedProjects) = preSolution
		{B3FCD2D5-8009-4281-ACDB-6A7BC99606B4} = {E1C932A9-6D4C-4DDF-8922-BE7B71F12F1C}
		{2A810EB9-45CE-4593-8E4C-026E0CBB3C42} = {E7106D0F-B255-4631-9FB8-734FC5748FA9}
		{14934BED-A222-47B2-A58A-CFC4AAB89B49} = {E7106D0F-B255-4631-9FB8-734FC5748FA9}
		{6D44683B-865C-4D15-9F0A-1A8441354589} = {E7106D0F-B255-4631-9FB8-734FC5748FA9}
		{CC1494FA-4EB5-4DB9-8BE9-0A6E8D0D963E} = {E7106D0F-B255-4631-9FB8-734FC5748FA9}
		{36E6E6EF-A471-4AE4-B696-1C9DAAFA2770} = {E1C932A9-6D4C-4DDF-8922-BE7B71F12F1C}
	EndGlobalSection
	GlobalSection(ExtensibilityGlobals) = postSolution
		SolutionGuid = {88355922-E70A-4B73-B7F8-ABF8F2B59789}
	EndGlobalSection
EndGlobal
