
Microsoft Visual Studio Solution File, Format Version 12.00
# Visual Studio Version 16
VisualStudioVersion = 16.0.29806.167
MinimumVisualStudioVersion = 10.0.40219.1
Project("{9A19103F-16F7-4668-BE54-9A1E7A4F7556}") = "Consuming", "Consuming\Consuming.csproj", "{A6EE5186-9893-4915-B439-1A85C2FB92C1}"
EndProject
Project("{FAE04EC0-301F-11D3-BF4B-00C04F79EFBC}") = "Reading", "Reading\Reading.csproj", "{A2480730-3529-4EA5-9599-374D15371901}"
EndProject
Project("{FAE04EC0-301F-11D3-BF4B-00C04F79EFBC}") = "Producing", "Producing\Producing.csproj", "{132924A6-B793-4EAE-8574-C8D7E3B38C0D}"
EndProject
Project("{9A19103F-16F7-4668-BE54-9A1E7A4F7556}") = "DotPulsar", "..\src\DotPulsar\DotPulsar.csproj", "{BA92EB0A-F71C-4CF6-8719-70CCE149EF4D}"
EndProject
Global
	GlobalSection(SolutionConfigurationPlatforms) = preSolution
		Debug|Any CPU = Debug|Any CPU
		Release|Any CPU = Release|Any CPU
	EndGlobalSection
	GlobalSection(ProjectConfigurationPlatforms) = postSolution
		{A6EE5186-9893-4915-B439-1A85C2FB92C1}.Debug|Any CPU.ActiveCfg = Debug|Any CPU
		{A6EE5186-9893-4915-B439-1A85C2FB92C1}.Debug|Any CPU.Build.0 = Debug|Any CPU
		{A6EE5186-9893-4915-B439-1A85C2FB92C1}.Release|Any CPU.ActiveCfg = Release|Any CPU
		{A6EE5186-9893-4915-B439-1A85C2FB92C1}.Release|Any CPU.Build.0 = Release|Any CPU
		{A2480730-3529-4EA5-9599-374D15371901}.Debug|Any CPU.ActiveCfg = Debug|Any CPU
		{A2480730-3529-4EA5-9599-374D15371901}.Debug|Any CPU.Build.0 = Debug|Any CPU
		{A2480730-3529-4EA5-9599-374D15371901}.Release|Any CPU.ActiveCfg = Release|Any CPU
		{A2480730-3529-4EA5-9599-374D15371901}.Release|Any CPU.Build.0 = Release|Any CPU
		{132924A6-B793-4EAE-8574-C8D7E3B38C0D}.Debug|Any CPU.ActiveCfg = Debug|Any CPU
		{132924A6-B793-4EAE-8574-C8D7E3B38C0D}.Debug|Any CPU.Build.0 = Debug|Any CPU
		{132924A6-B793-4EAE-8574-C8D7E3B38C0D}.Release|Any CPU.ActiveCfg = Release|Any CPU
		{132924A6-B793-4EAE-8574-C8D7E3B38C0D}.Release|Any CPU.Build.0 = Release|Any CPU
		{BA92EB0A-F71C-4CF6-8719-70CCE149EF4D}.Debug|Any CPU.ActiveCfg = Debug|Any CPU
		{BA92EB0A-F71C-4CF6-8719-70CCE149EF4D}.Debug|Any CPU.Build.0 = Debug|Any CPU
		{BA92EB0A-F71C-4CF6-8719-70CCE149EF4D}.Release|Any CPU.ActiveCfg = Release|Any CPU
		{BA92EB0A-F71C-4CF6-8719-70CCE149EF4D}.Release|Any CPU.Build.0 = Release|Any CPU
	EndGlobalSection
	GlobalSection(SolutionProperties) = preSolution
		HideSolutionNode = FALSE
	EndGlobalSection
	GlobalSection(ExtensibilityGlobals) = postSolution
		SolutionGuid = {DD71ECF8-282A-4752-AB26-6290B85B709D}
	EndGlobalSection
EndGlobal
